
Microsoft Visual Studio Solution File, Format Version 12.00
# Visual Studio Version 16
VisualStudioVersion = 16.0.31112.23
MinimumVisualStudioVersion = 10.0.40219.1
Project("{FAE04EC0-301F-11D3-BF4B-00C04F79EFBC}") = "Oodle.NET", "Oodle.NET\Oodle.NET.csproj", "{AFF75C15-8DFA-454A-B24B-09F19BE68559}"
EndProject
Project("{FAE04EC0-301F-11D3-BF4B-00C04F79EFBC}") = "Oodle.NET.Tests", "Oodle.NET.Tests\Oodle.NET.Tests.csproj", "{0482F51C-6992-49AD-90AC-A4689FA32C52}"
EndProject
Global
	GlobalSection(SolutionConfigurationPlatforms) = preSolution
		Debug|Any CPU = Debug|Any CPU
		Release|Any CPU = Release|Any CPU
	EndGlobalSection
	GlobalSection(ProjectConfigurationPlatforms) = postSolution
		{AFF75C15-8DFA-454A-B24B-09F19BE68559}.Debug|Any CPU.ActiveCfg = Debug|Any CPU
		{AFF75C15-8DFA-454A-B24B-09F19BE68559}.Debug|Any CPU.Build.0 = Debug|Any CPU
		{AFF75C15-8DFA-454A-B24B-09F19BE68559}.Release|Any CPU.ActiveCfg = Release|Any CPU
		{AFF75C15-8DFA-454A-B24B-09F19BE68559}.Release|Any CPU.Build.0 = Release|Any CPU
		{0482F51C-6992-49AD-90AC-A4689FA32C52}.Debug|Any CPU.ActiveCfg = Debug|Any CPU
		{0482F51C-6992-49AD-90AC-A4689FA32C52}.Debug|Any CPU.Build.0 = Debug|Any CPU
		{0482F51C-6992-49AD-90AC-A4689FA32C52}.Release|Any CPU.ActiveCfg = Release|Any CPU
		{0482F51C-6992-49AD-90AC-A4689FA32C52}.Release|Any CPU.Build.0 = Release|Any CPU
	EndGlobalSection
	GlobalSection(SolutionProperties) = preSolution
		HideSolutionNode = FALSE
	EndGlobalSection
	GlobalSection(ExtensibilityGlobals) = postSolution
		SolutionGuid = {A3254214-0CAC-436D-8F0B-0E5A89201113}
	EndGlobalSection
EndGlobal
